// !$*UTF8*$!
{
	archiveVersion = 1;
	classes = {
	};
	objectVersion = 55;
	objects = {

/* Begin PBXBuildFile section */
		2A1EB9B827B3D68F005851C1 /* Milestone13_15App.swift in Sources */ = {isa = PBXBuildFile; fileRef = 2A1EB9B727B3D68F005851C1 /* Milestone13_15App.swift */; };
		2A1EB9BA27B3D68F005851C1 /* ContentView.swift in Sources */ = {isa = PBXBuildFile; fileRef = 2A1EB9B927B3D68F005851C1 /* ContentView.swift */; };
		2A1EB9BC27B3D690005851C1 /* Assets.xcassets in Resources */ = {isa = PBXBuildFile; fileRef = 2A1EB9BB27B3D690005851C1 /* Assets.xcassets */; };
		2A1EB9BF27B3D690005851C1 /* Preview Assets.xcassets in Resources */ = {isa = PBXBuildFile; fileRef = 2A1EB9BE27B3D690005851C1 /* Preview Assets.xcassets */; };
		2A1EB9C927B3D72C005851C1 /* DetailView.swift in Sources */ = {isa = PBXBuildFile; fileRef = 2A1EB9C827B3D72C005851C1 /* DetailView.swift */; };
		2A1EB9CB27B3D7EE005851C1 /* GridCellView.swift in Sources */ = {isa = PBXBuildFile; fileRef = 2A1EB9CA27B3D7EE005851C1 /* GridCellView.swift */; };
		2A1EB9D027B3E572005851C1 /* Color.swift in Sources */ = {isa = PBXBuildFile; fileRef = 2A1EB9CF27B3E572005851C1 /* Color.swift */; };
		2A1EB9D227B3EE41005851C1 /* Post.swift in Sources */ = {isa = PBXBuildFile; fileRef = 2A1EB9D127B3EE41005851C1 /* Post.swift */; };
		2A76623827B776720019F097 /* MapView.swift in Sources */ = {isa = PBXBuildFile; fileRef = 2A76623727B776720019F097 /* MapView.swift */; };
		2ADBDA9C27B502BE00C53827 /* ImagePicker.swift in Sources */ = {isa = PBXBuildFile; fileRef = 2ADBDA9B27B502BE00C53827 /* ImagePicker.swift */; };
		2ADBDA9E27B50A0C00C53827 /* AddView.swift in Sources */ = {isa = PBXBuildFile; fileRef = 2ADBDA9D27B50A0C00C53827 /* AddView.swift */; };
		2ADBDAA027B50B2200C53827 /* ViewModel.swift in Sources */ = {isa = PBXBuildFile; fileRef = 2ADBDA9F27B50B2200C53827 /* ViewModel.swift */; };
		2ADBDAA227B537F600C53827 /* Picker.swift in Sources */ = {isa = PBXBuildFile; fileRef = 2ADBDAA127B537F600C53827 /* Picker.swift */; };
		2AF8B89427B602B500C17510 /* FileManager.swift in Sources */ = {isa = PBXBuildFile; fileRef = 2AF8B89327B602B500C17510 /* FileManager.swift */; };
/* End PBXBuildFile section */

/* Begin PBXFileReference section */
		2A1EB9B427B3D68F005851C1 /* Milestone13-15.app */ = {isa = PBXFileReference; explicitFileType = wrapper.application; includeInIndex = 0; path = "Milestone13-15.app"; sourceTree = BUILT_PRODUCTS_DIR; };
		2A1EB9B727B3D68F005851C1 /* Milestone13_15App.swift */ = {isa = PBXFileReference; lastKnownFileType = sourcecode.swift; path = Milestone13_15App.swift; sourceTree = "<group>"; };
		2A1EB9B927B3D68F005851C1 /* ContentView.swift */ = {isa = PBXFileReference; lastKnownFileType = sourcecode.swift; path = ContentView.swift; sourceTree = "<group>"; };
		2A1EB9BB27B3D690005851C1 /* Assets.xcassets */ = {isa = PBXFileReference; lastKnownFileType = folder.assetcatalog; path = Assets.xcassets; sourceTree = "<group>"; };
		2A1EB9BE27B3D690005851C1 /* Preview Assets.xcassets */ = {isa = PBXFileReference; lastKnownFileType = folder.assetcatalog; path = "Preview Assets.xcassets"; sourceTree = "<group>"; };
		2A1EB9C827B3D72C005851C1 /* DetailView.swift */ = {isa = PBXFileReference; lastKnownFileType = sourcecode.swift; path = DetailView.swift; sourceTree = "<group>"; };
		2A1EB9CA27B3D7EE005851C1 /* GridCellView.swift */ = {isa = PBXFileReference; lastKnownFileType = sourcecode.swift; path = GridCellView.swift; sourceTree = "<group>"; };
		2A1EB9CF27B3E572005851C1 /* Color.swift */ = {isa = PBXFileReference; lastKnownFileType = sourcecode.swift; path = Color.swift; sourceTree = "<group>"; };
		2A1EB9D127B3EE41005851C1 /* Post.swift */ = {isa = PBXFileReference; lastKnownFileType = sourcecode.swift; path = Post.swift; sourceTree = "<group>"; };
		2A76623727B776720019F097 /* MapView.swift */ = {isa = PBXFileReference; lastKnownFileType = sourcecode.swift; path = MapView.swift; sourceTree = "<group>"; };
		2ADBDA9B27B502BE00C53827 /* ImagePicker.swift */ = {isa = PBXFileReference; lastKnownFileType = sourcecode.swift; path = ImagePicker.swift; sourceTree = "<group>"; };
		2ADBDA9D27B50A0C00C53827 /* AddView.swift */ = {isa = PBXFileReference; lastKnownFileType = sourcecode.swift; path = AddView.swift; sourceTree = "<group>"; };
		2ADBDA9F27B50B2200C53827 /* ViewModel.swift */ = {isa = PBXFileReference; lastKnownFileType = sourcecode.swift; path = ViewModel.swift; sourceTree = "<group>"; };
		2ADBDAA127B537F600C53827 /* Picker.swift */ = {isa = PBXFileReference; lastKnownFileType = sourcecode.swift; path = Picker.swift; sourceTree = "<group>"; };
		2AF8B89327B602B500C17510 /* FileManager.swift */ = {isa = PBXFileReference; lastKnownFileType = sourcecode.swift; path = FileManager.swift; sourceTree = "<group>"; };
/* End PBXFileReference section */

/* Begin PBXFrameworksBuildPhase section */
		2A1EB9B127B3D68F005851C1 /* Frameworks */ = {
			isa = PBXFrameworksBuildPhase;
			buildActionMask = 2147483647;
			files = (
			);
			runOnlyForDeploymentPostprocessing = 0;
		};
/* End PBXFrameworksBuildPhase section */

/* Begin PBXGroup section */
		2A1EB9AB27B3D68F005851C1 = {
			isa = PBXGroup;
			children = (
				2A1EB9B627B3D68F005851C1 /* Milestone13-15 */,
				2A1EB9B527B3D68F005851C1 /* Products */,
			);
			sourceTree = "<group>";
		};
		2A1EB9B527B3D68F005851C1 /* Products */ = {
			isa = PBXGroup;
			children = (
				2A1EB9B427B3D68F005851C1 /* Milestone13-15.app */,
			);
			name = Products;
			sourceTree = "<group>";
		};
		2A1EB9B627B3D68F005851C1 /* Milestone13-15 */ = {
			isa = PBXGroup;
			children = (
				2A1EB9B727B3D68F005851C1 /* Milestone13_15App.swift */,
				2A1EB9C727B3D70C005851C1 /* View */,
				2A1EB9C627B3D701005851C1 /* ViewModel */,
				2A1EB9C527B3D6F9005851C1 /* Model */,
				2AF8B89227B6028F00C17510 /* Extensions */,
				2A1EB9BB27B3D690005851C1 /* Assets.xcassets */,
				2A1EB9BD27B3D690005851C1 /* Preview Content */,
			);
			path = "Milestone13-15";
			sourceTree = "<group>";
		};
		2A1EB9BD27B3D690005851C1 /* Preview Content */ = {
			isa = PBXGroup;
			children = (
				2A1EB9BE27B3D690005851C1 /* Preview Assets.xcassets */,
			);
			path = "Preview Content";
			sourceTree = "<group>";
		};
		2A1EB9C527B3D6F9005851C1 /* Model */ = {
			isa = PBXGroup;
			children = (
				2ADBDAA127B537F600C53827 /* Picker.swift */,
				2A1EB9D127B3EE41005851C1 /* Post.swift */,
			);
			path = Model;
			sourceTree = "<group>";
		};
		2A1EB9C627B3D701005851C1 /* ViewModel */ = {
			isa = PBXGroup;
			children = (
				2ADBDA9F27B50B2200C53827 /* ViewModel.swift */,
			);
			path = ViewModel;
			sourceTree = "<group>";
		};
		2A1EB9C727B3D70C005851C1 /* View */ = {
			isa = PBXGroup;
			children = (
				2A1EB9B927B3D68F005851C1 /* ContentView.swift */,
				2ADBDA9B27B502BE00C53827 /* ImagePicker.swift */,
				2ADBDA9D27B50A0C00C53827 /* AddView.swift */,
				2A76623727B776720019F097 /* MapView.swift */,
				2A1EB9C827B3D72C005851C1 /* DetailView.swift */,
				2A1EB9CA27B3D7EE005851C1 /* GridCellView.swift */,
			);
			path = View;
			sourceTree = "<group>";
		};
		2AF8B89227B6028F00C17510 /* Extensions */ = {
			isa = PBXGroup;
			children = (
				2A1EB9CF27B3E572005851C1 /* Color.swift */,
				2AF8B89327B602B500C17510 /* FileManager.swift */,
			);
			path = Extensions;
			sourceTree = "<group>";
		};
/* End PBXGroup section */

/* Begin PBXNativeTarget section */
		2A1EB9B327B3D68F005851C1 /* Milestone13-15 */ = {
			isa = PBXNativeTarget;
			buildConfigurationList = 2A1EB9C227B3D690005851C1 /* Build configuration list for PBXNativeTarget "Milestone13-15" */;
			buildPhases = (
				2A1EB9B027B3D68F005851C1 /* Sources */,
				2A1EB9B127B3D68F005851C1 /* Frameworks */,
				2A1EB9B227B3D68F005851C1 /* Resources */,
			);
			buildRules = (
			);
			dependencies = (
			);
			name = "Milestone13-15";
			productName = "Milestone13-15";
			productReference = 2A1EB9B427B3D68F005851C1 /* Milestone13-15.app */;
			productType = "com.apple.product-type.application";
		};
/* End PBXNativeTarget section */

/* Begin PBXProject section */
		2A1EB9AC27B3D68F005851C1 /* Project object */ = {
			isa = PBXProject;
			attributes = {
				BuildIndependentTargetsInParallel = 1;
				LastSwiftUpdateCheck = 1320;
				LastUpgradeCheck = 1320;
				TargetAttributes = {
					2A1EB9B327B3D68F005851C1 = {
						CreatedOnToolsVersion = 13.2.1;
					};
				};
			};
			buildConfigurationList = 2A1EB9AF27B3D68F005851C1 /* Build configuration list for PBXProject "Milestone13-15" */;
			compatibilityVersion = "Xcode 13.0";
			developmentRegion = en;
			hasScannedForEncodings = 0;
			knownRegions = (
				en,
				Base,
			);
			mainGroup = 2A1EB9AB27B3D68F005851C1;
			productRefGroup = 2A1EB9B527B3D68F005851C1 /* Products */;
			projectDirPath = "";
			projectRoot = "";
			targets = (
				2A1EB9B327B3D68F005851C1 /* Milestone13-15 */,
			);
		};
/* End PBXProject section */

/* Begin PBXResourcesBuildPhase section */
		2A1EB9B227B3D68F005851C1 /* Resources */ = {
			isa = PBXResourcesBuildPhase;
			buildActionMask = 2147483647;
			files = (
				2A1EB9BF27B3D690005851C1 /* Preview Assets.xcassets in Resources */,
				2A1EB9BC27B3D690005851C1 /* Assets.xcassets in Resources */,
			);
			runOnlyForDeploymentPostprocessing = 0;
		};
/* End PBXResourcesBuildPhase section */

/* Begin PBXSourcesBuildPhase section */
		2A1EB9B027B3D68F005851C1 /* Sources */ = {
			isa = PBXSourcesBuildPhase;
			buildActionMask = 2147483647;
			files = (
				2ADBDAA027B50B2200C53827 /* ViewModel.swift in Sources */,
				2A1EB9CB27B3D7EE005851C1 /* GridCellView.swift in Sources */,
				2A1EB9BA27B3D68F005851C1 /* ContentView.swift in Sources */,
				2ADBDA9E27B50A0C00C53827 /* AddView.swift in Sources */,
				2A1EB9C927B3D72C005851C1 /* DetailView.swift in Sources */,
				2A76623827B776720019F097 /* MapView.swift in Sources */,
				2A1EB9B827B3D68F005851C1 /* Milestone13_15App.swift in Sources */,
				2ADBDA9C27B502BE00C53827 /* ImagePicker.swift in Sources */,
				2AF8B89427B602B500C17510 /* FileManager.swift in Sources */,
				2A1EB9D227B3EE41005851C1 /* Post.swift in Sources */,
				2A1EB9D027B3E572005851C1 /* Color.swift in Sources */,
				2ADBDAA227B537F600C53827 /* Picker.swift in Sources */,
			);
			runOnlyForDeploymentPostprocessing = 0;
		};
/* End PBXSourcesBuildPhase section */

/* Begin XCBuildConfiguration section */
		2A1EB9C027B3D690005851C1 /* Debug */ = {
			isa = XCBuildConfiguration;
			buildSettings = {
				ALWAYS_SEARCH_USER_PATHS = NO;
				CLANG_ANALYZER_NONNULL = YES;
				CLANG_ANALYZER_NUMBER_OBJECT_CONVERSION = YES_AGGRESSIVE;
				CLANG_CXX_LANGUAGE_STANDARD = "gnu++17";
				CLANG_CXX_LIBRARY = "libc++";
				CLANG_ENABLE_MODULES = YES;
				CLANG_ENABLE_OBJC_ARC = YES;
				CLANG_ENABLE_OBJC_WEAK = YES;
				CLANG_WARN_BLOCK_CAPTURE_AUTORELEASING = YES;
				CLANG_WARN_BOOL_CONVERSION = YES;
				CLANG_WARN_COMMA = YES;
				CLANG_WARN_CONSTANT_CONVERSION = YES;
				CLANG_WARN_DEPRECATED_OBJC_IMPLEMENTATIONS = YES;
				CLANG_WARN_DIRECT_OBJC_ISA_USAGE = YES_ERROR;
				CLANG_WARN_DOCUMENTATION_COMMENTS = YES;
				CLANG_WARN_EMPTY_BODY = YES;
				CLANG_WARN_ENUM_CONVERSION = YES;
				CLANG_WARN_INFINITE_RECURSION = YES;
				CLANG_WARN_INT_CONVERSION = YES;
				CLANG_WARN_NON_LITERAL_NULL_CONVERSION = YES;
				CLANG_WARN_OBJC_IMPLICIT_RETAIN_SELF = YES;
				CLANG_WARN_OBJC_LITERAL_CONVERSION = YES;
				CLANG_WARN_OBJC_ROOT_CLASS = YES_ERROR;
				CLANG_WARN_QUOTED_INCLUDE_IN_FRAMEWORK_HEADER = YES;
				CLANG_WARN_RANGE_LOOP_ANALYSIS = YES;
				CLANG_WARN_STRICT_PROTOTYPES = YES;
				CLANG_WARN_SUSPICIOUS_MOVE = YES;
				CLANG_WARN_UNGUARDED_AVAILABILITY = YES_AGGRESSIVE;
				CLANG_WARN_UNREACHABLE_CODE = YES;
				CLANG_WARN__DUPLICATE_METHOD_MATCH = YES;
				COPY_PHASE_STRIP = NO;
				DEBUG_INFORMATION_FORMAT = dwarf;
				ENABLE_STRICT_OBJC_MSGSEND = YES;
				ENABLE_TESTABILITY = YES;
				GCC_C_LANGUAGE_STANDARD = gnu11;
				GCC_DYNAMIC_NO_PIC = NO;
				GCC_NO_COMMON_BLOCKS = YES;
				GCC_OPTIMIZATION_LEVEL = 0;
				GCC_PREPROCESSOR_DEFINITIONS = (
					"DEBUG=1",
					"$(inherited)",
				);
				GCC_WARN_64_TO_32_BIT_CONVERSION = YES;
				GCC_WARN_ABOUT_RETURN_TYPE = YES_ERROR;
				GCC_WARN_UNDECLARED_SELECTOR = YES;
				GCC_WARN_UNINITIALIZED_AUTOS = YES_AGGRESSIVE;
				GCC_WARN_UNUSED_FUNCTION = YES;
				GCC_WARN_UNUSED_VARIABLE = YES;
				IPHONEOS_DEPLOYMENT_TARGET = 15.2;
				MTL_ENABLE_DEBUG_INFO = INCLUDE_SOURCE;
				MTL_FAST_MATH = YES;
				ONLY_ACTIVE_ARCH = YES;
				SDKROOT = iphoneos;
				SWIFT_ACTIVE_COMPILATION_CONDITIONS = DEBUG;
				SWIFT_OPTIMIZATION_LEVEL = "-Onone";
			};
			name = Debug;
		};
		2A1EB9C127B3D690005851C1 /* Release */ = {
			isa = XCBuildConfiguration;
			buildSettings = {
				ALWAYS_SEARCH_USER_PATHS = NO;
				CLANG_ANALYZER_NONNULL = YES;
				CLANG_ANALYZER_NUMBER_OBJECT_CONVERSION = YES_AGGRESSIVE;
				CLANG_CXX_LANGUAGE_STANDARD = "gnu++17";
				CLANG_CXX_LIBRARY = "libc++";
				CLANG_ENABLE_MODULES = YES;
				CLANG_ENABLE_OBJC_ARC = YES;
				CLANG_ENABLE_OBJC_WEAK = YES;
				CLANG_WARN_BLOCK_CAPTURE_AUTORELEASING = YES;
				CLANG_WARN_BOOL_CONVERSION = YES;
				CLANG_WARN_COMMA = YES;
				CLANG_WARN_CONSTANT_CONVERSION = YES;
				CLANG_WARN_DEPRECATED_OBJC_IMPLEMENTATIONS = YES;
				CLANG_WARN_DIRECT_OBJC_ISA_USAGE = YES_ERROR;
				CLANG_WARN_DOCUMENTATION_COMMENTS = YES;
				CLANG_WARN_EMPTY_BODY = YES;
				CLANG_WARN_ENUM_CONVERSION = YES;
				CLANG_WARN_INFINITE_RECURSION = YES;
				CLANG_WARN_INT_CONVERSION = YES;
				CLANG_WARN_NON_LITERAL_NULL_CONVERSION = YES;
				CLANG_WARN_OBJC_IMPLICIT_RETAIN_SELF = YES;
				CLANG_WARN_OBJC_LITERAL_CONVERSION = YES;
				CLANG_WARN_OBJC_ROOT_CLASS = YES_ERROR;
				CLANG_WARN_QUOTED_INCLUDE_IN_FRAMEWORK_HEADER = YES;
				CLANG_WARN_RANGE_LOOP_ANALYSIS = YES;
				CLANG_WARN_STRICT_PROTOTYPES = YES;
				CLANG_WARN_SUSPICIOUS_MOVE = YES;
				CLANG_WARN_UNGUARDED_AVAILABILITY = YES_AGGRESSIVE;
				CLANG_WARN_UNREACHABLE_CODE = YES;
				CLANG_WARN__DUPLICATE_METHOD_MATCH = YES;
				COPY_PHASE_STRIP = NO;
				DEBUG_INFORMATION_FORMAT = "dwarf-with-dsym";
				ENABLE_NS_ASSERTIONS = NO;
				ENABLE_STRICT_OBJC_MSGSEND = YES;
				GCC_C_LANGUAGE_STANDARD = gnu11;
				GCC_NO_COMMON_BLOCKS = YES;
				GCC_WARN_64_TO_32_BIT_CONVERSION = YES;
				GCC_WARN_ABOUT_RETURN_TYPE = YES_ERROR;
				GCC_WARN_UNDECLARED_SELECTOR = YES;
				GCC_WARN_UNINITIALIZED_AUTOS = YES_AGGRESSIVE;
				GCC_WARN_UNUSED_FUNCTION = YES;
				GCC_WARN_UNUSED_VARIABLE = YES;
				IPHONEOS_DEPLOYMENT_TARGET = 15.2;
				MTL_ENABLE_DEBUG_INFO = NO;
				MTL_FAST_MATH = YES;
				SDKROOT = iphoneos;
				SWIFT_COMPILATION_MODE = wholemodule;
				SWIFT_OPTIMIZATION_LEVEL = "-O";
				VALIDATE_PRODUCT = YES;
			};
			name = Release;
		};
		2A1EB9C327B3D690005851C1 /* Debug */ = {
			isa = XCBuildConfiguration;
			buildSettings = {
				ASSETCATALOG_COMPILER_APPICON_NAME = AppIcon;
				ASSETCATALOG_COMPILER_GLOBAL_ACCENT_COLOR_NAME = AccentColor;
				CODE_SIGN_STYLE = Automatic;
				CURRENT_PROJECT_VERSION = 1;
				DEVELOPMENT_ASSET_PATHS = "\"Milestone13-15/Preview Content\"";
				DEVELOPMENT_TEAM = YT4PWFD9G5;
				ENABLE_PREVIEWS = YES;
				GENERATE_INFOPLIST_FILE = YES;
				INFOPLIST_KEY_NSCameraUsageDescription = "Need to access the camera for taking photos";
				INFOPLIST_KEY_NSLocationWhenInUseUsageDescription = "We need your location for posts";
				INFOPLIST_KEY_UIApplicationSceneManifest_Generation = YES;
				INFOPLIST_KEY_UIApplicationSupportsIndirectInputEvents = YES;
				INFOPLIST_KEY_UILaunchScreen_Generation = YES;
				INFOPLIST_KEY_UISupportedInterfaceOrientations_iPad = "UIInterfaceOrientationPortrait UIInterfaceOrientationPortraitUpsideDown UIInterfaceOrientationLandscapeLeft UIInterfaceOrientationLandscapeRight";
				INFOPLIST_KEY_UISupportedInterfaceOrientations_iPhone = "UIInterfaceOrientationPortrait UIInterfaceOrientationLandscapeLeft UIInterfaceOrientationLandscapeRight";
				LD_RUNPATH_SEARCH_PATHS = (
					"$(inherited)",
					"@executable_path/Frameworks",
				);
				MARKETING_VERSION = 1.0;
				PRODUCT_BUNDLE_IDENTIFIER = "Dean.Thompson.Milestone13-15";
				PRODUCT_NAME = "$(TARGET_NAME)";
				SWIFT_EMIT_LOC_STRINGS = YES;
				SWIFT_VERSION = 5.0;
				TARGETED_DEVICE_FAMILY = "1,2";
			};
			name = Debug;
		};
		2A1EB9C427B3D690005851C1 /* Release */ = {
			isa = XCBuildConfiguration;
			buildSettings = {
				ASSETCATALOG_COMPILER_APPICON_NAME = AppIcon;
				ASSETCATALOG_COMPILER_GLOBAL_ACCENT_COLOR_NAME = AccentColor;
				CODE_SIGN_STYLE = Automatic;
				CURRENT_PROJECT_VERSION = 1;
				DEVELOPMENT_ASSET_PATHS = "\"Milestone13-15/Preview Content\"";
				DEVELOPMENT_TEAM = YT4PWFD9G5;
				ENABLE_PREVIEWS = YES;
				GENERATE_INFOPLIST_FILE = YES;
				INFOPLIST_KEY_NSCameraUsageDescription = "Need to access the camera for taking photos";
				INFOPLIST_KEY_NSLocationWhenInUseUsageDescription = "We need your location for posts";
				INFOPLIST_KEY_UIApplicationSceneManifest_Generation = YES;
				INFOPLIST_KEY_UIApplicationSupportsIndirectInputEvents = YES;
				INFOPLIST_KEY_UILaunchScreen_Generation = YES;
				INFOPLIST_KEY_UISupportedInterfaceOrientations_iPad = "UIInterfaceOrientationPortrait UIInterfaceOrientationPortraitUpsideDown UIInterfaceOrientationLandscapeLeft UIInterfaceOrientationLandscapeRight";
				INFOPLIST_KEY_UISupportedInterfaceOrientations_iPhone = "UIInterfaceOrientationPortrait UIInterfaceOrientationLandscapeLeft UIInterfaceOrientationLandscapeRight";
				LD_RUNPATH_SEARCH_PATHS = (
					"$(inherited)",
					"@executable_path/Frameworks",
				);
				MARKETING_VERSION = 1.0;
				PRODUCT_BUNDLE_IDENTIFIER = "Dean.Thompson.Milestone13-15";
				PRODUCT_NAME = "$(TARGET_NAME)";
				SWIFT_EMIT_LOC_STRINGS = YES;
				SWIFT_VERSION = 5.0;
				TARGETED_DEVICE_FAMILY = "1,2";
			};
			name = Release;
		};
/* End XCBuildConfiguration section */

/* Begin XCConfigurationList section */
		2A1EB9AF27B3D68F005851C1 /* Build configuration list for PBXProject "Milestone13-15" */ = {
			isa = XCConfigurationList;
			buildConfigurations = (
				2A1EB9C027B3D690005851C1 /* Debug */,
				2A1EB9C127B3D690005851C1 /* Release */,
			);
			defaultConfigurationIsVisible = 0;
			defaultConfigurationName = Release;
		};
		2A1EB9C227B3D690005851C1 /* Build configuration list for PBXNativeTarget "Milestone13-15" */ = {
			isa = XCConfigurationList;
			buildConfigurations = (
				2A1EB9C327B3D690005851C1 /* Debug */,
				2A1EB9C427B3D690005851C1 /* Release */,
			);
			defaultConfigurationIsVisible = 0;
			defaultConfigurationName = Release;
		};
/* End XCConfigurationList section */
	};
	rootObject = 2A1EB9AC27B3D68F005851C1 /* Project object */;
}
