// !$*UTF8*$!
{
	archiveVersion = 1;
	classes = {
	};
	objectVersion = 55;
	objects = {

/* Begin PBXBuildFile section */
		2A67745B279C2A4600B40F70 /* Milestone10_12App.swift in Sources */ = {isa = PBXBuildFile; fileRef = 2A67745A279C2A4600B40F70 /* Milestone10_12App.swift */; };
		2A67745D279C2A4600B40F70 /* ContentView.swift in Sources */ = {isa = PBXBuildFile; fileRef = 2A67745C279C2A4600B40F70 /* ContentView.swift */; };
		2A67745F279C2A4700B40F70 /* Assets.xcassets in Resources */ = {isa = PBXBuildFile; fileRef = 2A67745E279C2A4700B40F70 /* Assets.xcassets */; };
		2A677462279C2A4700B40F70 /* Preview Assets.xcassets in Resources */ = {isa = PBXBuildFile; fileRef = 2A677461279C2A4700B40F70 /* Preview Assets.xcassets */; };
		2A677469279C2ACF00B40F70 /* User.swift in Sources */ = {isa = PBXBuildFile; fileRef = 2A677468279C2ACF00B40F70 /* User.swift */; };
		2A67746B279C2AD600B40F70 /* Friend.swift in Sources */ = {isa = PBXBuildFile; fileRef = 2A67746A279C2AD600B40F70 /* Friend.swift */; };
		2A677470279C2B1400B40F70 /* ContentViewModel.swift in Sources */ = {isa = PBXBuildFile; fileRef = 2A67746F279C2B1400B40F70 /* ContentViewModel.swift */; };
		2A677472279C2B2B00B40F70 /* DetailView.swift in Sources */ = {isa = PBXBuildFile; fileRef = 2A677471279C2B2B00B40F70 /* DetailView.swift */; };
/* End PBXBuildFile section */

/* Begin PBXFileReference section */
		2A677457279C2A4600B40F70 /* Milestone10-12.app */ = {isa = PBXFileReference; explicitFileType = wrapper.application; includeInIndex = 0; path = "Milestone10-12.app"; sourceTree = BUILT_PRODUCTS_DIR; };
		2A67745A279C2A4600B40F70 /* Milestone10_12App.swift */ = {isa = PBXFileReference; lastKnownFileType = sourcecode.swift; path = Milestone10_12App.swift; sourceTree = "<group>"; };
		2A67745C279C2A4600B40F70 /* ContentView.swift */ = {isa = PBXFileReference; lastKnownFileType = sourcecode.swift; path = ContentView.swift; sourceTree = "<group>"; };
		2A67745E279C2A4700B40F70 /* Assets.xcassets */ = {isa = PBXFileReference; lastKnownFileType = folder.assetcatalog; path = Assets.xcassets; sourceTree = "<group>"; };
		2A677461279C2A4700B40F70 /* Preview Assets.xcassets */ = {isa = PBXFileReference; lastKnownFileType = folder.assetcatalog; path = "Preview Assets.xcassets"; sourceTree = "<group>"; };
		2A677468279C2ACF00B40F70 /* User.swift */ = {isa = PBXFileReference; lastKnownFileType = sourcecode.swift; path = User.swift; sourceTree = "<group>"; };
		2A67746A279C2AD600B40F70 /* Friend.swift */ = {isa = PBXFileReference; lastKnownFileType = sourcecode.swift; path = Friend.swift; sourceTree = "<group>"; };
		2A67746F279C2B1400B40F70 /* ContentViewModel.swift */ = {isa = PBXFileReference; lastKnownFileType = sourcecode.swift; path = ContentViewModel.swift; sourceTree = "<group>"; };
		2A677471279C2B2B00B40F70 /* DetailView.swift */ = {isa = PBXFileReference; lastKnownFileType = sourcecode.swift; path = DetailView.swift; sourceTree = "<group>"; };
/* End PBXFileReference section */

/* Begin PBXFrameworksBuildPhase section */
		2A677454279C2A4600B40F70 /* Frameworks */ = {
			isa = PBXFrameworksBuildPhase;
			buildActionMask = 2147483647;
			files = (
			);
			runOnlyForDeploymentPostprocessing = 0;
		};
/* End PBXFrameworksBuildPhase section */

/* Begin PBXGroup section */
		2A67744E279C2A4600B40F70 = {
			isa = PBXGroup;
			children = (
				2A677459279C2A4600B40F70 /* Milestone10-12 */,
				2A677458279C2A4600B40F70 /* Products */,
			);
			sourceTree = "<group>";
		};
		2A677458279C2A4600B40F70 /* Products */ = {
			isa = PBXGroup;
			children = (
				2A677457279C2A4600B40F70 /* Milestone10-12.app */,
			);
			name = Products;
			sourceTree = "<group>";
		};
		2A677459279C2A4600B40F70 /* Milestone10-12 */ = {
			isa = PBXGroup;
			children = (
				2A67745A279C2A4600B40F70 /* Milestone10_12App.swift */,
				2A67746D279C2AF400B40F70 /* View */,
				2A67746E279C2AFD00B40F70 /* ViewModel */,
				2A67746C279C2AE400B40F70 /* Model */,
				2A67745E279C2A4700B40F70 /* Assets.xcassets */,
				2A677460279C2A4700B40F70 /* Preview Content */,
			);
			path = "Milestone10-12";
			sourceTree = "<group>";
		};
		2A677460279C2A4700B40F70 /* Preview Content */ = {
			isa = PBXGroup;
			children = (
				2A677461279C2A4700B40F70 /* Preview Assets.xcassets */,
			);
			path = "Preview Content";
			sourceTree = "<group>";
		};
		2A67746C279C2AE400B40F70 /* Model */ = {
			isa = PBXGroup;
			children = (
				2A677468279C2ACF00B40F70 /* User.swift */,
				2A67746A279C2AD600B40F70 /* Friend.swift */,
			);
			path = Model;
			sourceTree = "<group>";
		};
		2A67746D279C2AF400B40F70 /* View */ = {
			isa = PBXGroup;
			children = (
				2A67745C279C2A4600B40F70 /* ContentView.swift */,
				2A677471279C2B2B00B40F70 /* DetailView.swift */,
			);
			path = View;
			sourceTree = "<group>";
		};
		2A67746E279C2AFD00B40F70 /* ViewModel */ = {
			isa = PBXGroup;
			children = (
				2A67746F279C2B1400B40F70 /* ContentViewModel.swift */,
			);
			path = ViewModel;
			sourceTree = "<group>";
		};
/* End PBXGroup section */

/* Begin PBXNativeTarget section */
		2A677456279C2A4600B40F70 /* Milestone10-12 */ = {
			isa = PBXNativeTarget;
			buildConfigurationList = 2A677465279C2A4700B40F70 /* Build configuration list for PBXNativeTarget "Milestone10-12" */;
			buildPhases = (
				2A677453279C2A4600B40F70 /* Sources */,
				2A677454279C2A4600B40F70 /* Frameworks */,
				2A677455279C2A4600B40F70 /* Resources */,
			);
			buildRules = (
			);
			dependencies = (
			);
			name = "Milestone10-12";
			productName = "Milestone10-12";
			productReference = 2A677457279C2A4600B40F70 /* Milestone10-12.app */;
			productType = "com.apple.product-type.application";
		};
/* End PBXNativeTarget section */

/* Begin PBXProject section */
		2A67744F279C2A4600B40F70 /* Project object */ = {
			isa = PBXProject;
			attributes = {
				BuildIndependentTargetsInParallel = 1;
				LastSwiftUpdateCheck = 1320;
				LastUpgradeCheck = 1320;
				TargetAttributes = {
					2A677456279C2A4600B40F70 = {
						CreatedOnToolsVersion = 13.2.1;
					};
				};
			};
			buildConfigurationList = 2A677452279C2A4600B40F70 /* Build configuration list for PBXProject "Milestone10-12" */;
			compatibilityVersion = "Xcode 13.0";
			developmentRegion = en;
			hasScannedForEncodings = 0;
			knownRegions = (
				en,
				Base,
			);
			mainGroup = 2A67744E279C2A4600B40F70;
			productRefGroup = 2A677458279C2A4600B40F70 /* Products */;
			projectDirPath = "";
			projectRoot = "";
			targets = (
				2A677456279C2A4600B40F70 /* Milestone10-12 */,
			);
		};
/* End PBXProject section */

/* Begin PBXResourcesBuildPhase section */
		2A677455279C2A4600B40F70 /* Resources */ = {
			isa = PBXResourcesBuildPhase;
			buildActionMask = 2147483647;
			files = (
				2A677462279C2A4700B40F70 /* Preview Assets.xcassets in Resources */,
				2A67745F279C2A4700B40F70 /* Assets.xcassets in Resources */,
			);
			runOnlyForDeploymentPostprocessing = 0;
		};
/* End PBXResourcesBuildPhase section */

/* Begin PBXSourcesBuildPhase section */
		2A677453279C2A4600B40F70 /* Sources */ = {
			isa = PBXSourcesBuildPhase;
			buildActionMask = 2147483647;
			files = (
				2A67745D279C2A4600B40F70 /* ContentView.swift in Sources */,
				2A677472279C2B2B00B40F70 /* DetailView.swift in Sources */,
				2A67745B279C2A4600B40F70 /* Milestone10_12App.swift in Sources */,
				2A677469279C2ACF00B40F70 /* User.swift in Sources */,
				2A67746B279C2AD600B40F70 /* Friend.swift in Sources */,
				2A677470279C2B1400B40F70 /* ContentViewModel.swift in Sources */,
			);
			runOnlyForDeploymentPostprocessing = 0;
		};
/* End PBXSourcesBuildPhase section */

/* Begin XCBuildConfiguration section */
		2A677463279C2A4700B40F70 /* Debug */ = {
			isa = XCBuildConfiguration;
			buildSettings = {
				ALWAYS_SEARCH_USER_PATHS = NO;
				CLANG_ANALYZER_NONNULL = YES;
				CLANG_ANALYZER_NUMBER_OBJECT_CONVERSION = YES_AGGRESSIVE;
				CLANG_CXX_LANGUAGE_STANDARD = "gnu++17";
				CLANG_CXX_LIBRARY = "libc++";
				CLANG_ENABLE_MODULES = YES;
				CLANG_ENABLE_OBJC_ARC = YES;
				CLANG_ENABLE_OBJC_WEAK = YES;
				CLANG_WARN_BLOCK_CAPTURE_AUTORELEASING = YES;
				CLANG_WARN_BOOL_CONVERSION = YES;
				CLANG_WARN_COMMA = YES;
				CLANG_WARN_CONSTANT_CONVERSION = YES;
				CLANG_WARN_DEPRECATED_OBJC_IMPLEMENTATIONS = YES;
				CLANG_WARN_DIRECT_OBJC_ISA_USAGE = YES_ERROR;
				CLANG_WARN_DOCUMENTATION_COMMENTS = YES;
				CLANG_WARN_EMPTY_BODY = YES;
				CLANG_WARN_ENUM_CONVERSION = YES;
				CLANG_WARN_INFINITE_RECURSION = YES;
				CLANG_WARN_INT_CONVERSION = YES;
				CLANG_WARN_NON_LITERAL_NULL_CONVERSION = YES;
				CLANG_WARN_OBJC_IMPLICIT_RETAIN_SELF = YES;
				CLANG_WARN_OBJC_LITERAL_CONVERSION = YES;
				CLANG_WARN_OBJC_ROOT_CLASS = YES_ERROR;
				CLANG_WARN_QUOTED_INCLUDE_IN_FRAMEWORK_HEADER = YES;
				CLANG_WARN_RANGE_LOOP_ANALYSIS = YES;
				CLANG_WARN_STRICT_PROTOTYPES = YES;
				CLANG_WARN_SUSPICIOUS_MOVE = YES;
				CLANG_WARN_UNGUARDED_AVAILABILITY = YES_AGGRESSIVE;
				CLANG_WARN_UNREACHABLE_CODE = YES;
				CLANG_WARN__DUPLICATE_METHOD_MATCH = YES;
				COPY_PHASE_STRIP = NO;
				DEBUG_INFORMATION_FORMAT = dwarf;
				ENABLE_STRICT_OBJC_MSGSEND = YES;
				ENABLE_TESTABILITY = YES;
				GCC_C_LANGUAGE_STANDARD = gnu11;
				GCC_DYNAMIC_NO_PIC = NO;
				GCC_NO_COMMON_BLOCKS = YES;
				GCC_OPTIMIZATION_LEVEL = 0;
				GCC_PREPROCESSOR_DEFINITIONS = (
					"DEBUG=1",
					"$(inherited)",
				);
				GCC_WARN_64_TO_32_BIT_CONVERSION = YES;
				GCC_WARN_ABOUT_RETURN_TYPE = YES_ERROR;
				GCC_WARN_UNDECLARED_SELECTOR = YES;
				GCC_WARN_UNINITIALIZED_AUTOS = YES_AGGRESSIVE;
				GCC_WARN_UNUSED_FUNCTION = YES;
				GCC_WARN_UNUSED_VARIABLE = YES;
				IPHONEOS_DEPLOYMENT_TARGET = 15.2;
				MTL_ENABLE_DEBUG_INFO = INCLUDE_SOURCE;
				MTL_FAST_MATH = YES;
				ONLY_ACTIVE_ARCH = YES;
				SDKROOT = iphoneos;
				SWIFT_ACTIVE_COMPILATION_CONDITIONS = DEBUG;
				SWIFT_OPTIMIZATION_LEVEL = "-Onone";
			};
			name = Debug;
		};
		2A677464279C2A4700B40F70 /* Release */ = {
			isa = XCBuildConfiguration;
			buildSettings = {
				ALWAYS_SEARCH_USER_PATHS = NO;
				CLANG_ANALYZER_NONNULL = YES;
				CLANG_ANALYZER_NUMBER_OBJECT_CONVERSION = YES_AGGRESSIVE;
				CLANG_CXX_LANGUAGE_STANDARD = "gnu++17";
				CLANG_CXX_LIBRARY = "libc++";
				CLANG_ENABLE_MODULES = YES;
				CLANG_ENABLE_OBJC_ARC = YES;
				CLANG_ENABLE_OBJC_WEAK = YES;
				CLANG_WARN_BLOCK_CAPTURE_AUTORELEASING = YES;
				CLANG_WARN_BOOL_CONVERSION = YES;
				CLANG_WARN_COMMA = YES;
				CLANG_WARN_CONSTANT_CONVERSION = YES;
				CLANG_WARN_DEPRECATED_OBJC_IMPLEMENTATIONS = YES;
				CLANG_WARN_DIRECT_OBJC_ISA_USAGE = YES_ERROR;
				CLANG_WARN_DOCUMENTATION_COMMENTS = YES;
				CLANG_WARN_EMPTY_BODY = YES;
				CLANG_WARN_ENUM_CONVERSION = YES;
				CLANG_WARN_INFINITE_RECURSION = YES;
				CLANG_WARN_INT_CONVERSION = YES;
				CLANG_WARN_NON_LITERAL_NULL_CONVERSION = YES;
				CLANG_WARN_OBJC_IMPLICIT_RETAIN_SELF = YES;
				CLANG_WARN_OBJC_LITERAL_CONVERSION = YES;
				CLANG_WARN_OBJC_ROOT_CLASS = YES_ERROR;
				CLANG_WARN_QUOTED_INCLUDE_IN_FRAMEWORK_HEADER = YES;
				CLANG_WARN_RANGE_LOOP_ANALYSIS = YES;
				CLANG_WARN_STRICT_PROTOTYPES = YES;
				CLANG_WARN_SUSPICIOUS_MOVE = YES;
				CLANG_WARN_UNGUARDED_AVAILABILITY = YES_AGGRESSIVE;
				CLANG_WARN_UNREACHABLE_CODE = YES;
				CLANG_WARN__DUPLICATE_METHOD_MATCH = YES;
				COPY_PHASE_STRIP = NO;
				DEBUG_INFORMATION_FORMAT = "dwarf-with-dsym";
				ENABLE_NS_ASSERTIONS = NO;
				ENABLE_STRICT_OBJC_MSGSEND = YES;
				GCC_C_LANGUAGE_STANDARD = gnu11;
				GCC_NO_COMMON_BLOCKS = YES;
				GCC_WARN_64_TO_32_BIT_CONVERSION = YES;
				GCC_WARN_ABOUT_RETURN_TYPE = YES_ERROR;
				GCC_WARN_UNDECLARED_SELECTOR = YES;
				GCC_WARN_UNINITIALIZED_AUTOS = YES_AGGRESSIVE;
				GCC_WARN_UNUSED_FUNCTION = YES;
				GCC_WARN_UNUSED_VARIABLE = YES;
				IPHONEOS_DEPLOYMENT_TARGET = 15.2;
				MTL_ENABLE_DEBUG_INFO = NO;
				MTL_FAST_MATH = YES;
				SDKROOT = iphoneos;
				SWIFT_COMPILATION_MODE = wholemodule;
				SWIFT_OPTIMIZATION_LEVEL = "-O";
				VALIDATE_PRODUCT = YES;
			};
			name = Release;
		};
		2A677466279C2A4700B40F70 /* Debug */ = {
			isa = XCBuildConfiguration;
			buildSettings = {
				ASSETCATALOG_COMPILER_APPICON_NAME = AppIcon;
				ASSETCATALOG_COMPILER_GLOBAL_ACCENT_COLOR_NAME = AccentColor;
				CODE_SIGN_STYLE = Automatic;
				CURRENT_PROJECT_VERSION = 1;
				DEVELOPMENT_ASSET_PATHS = "\"Milestone10-12/Preview Content\"";
				DEVELOPMENT_TEAM = YT4PWFD9G5;
				ENABLE_PREVIEWS = YES;
				GENERATE_INFOPLIST_FILE = YES;
				INFOPLIST_KEY_UIApplicationSceneManifest_Generation = YES;
				INFOPLIST_KEY_UIApplicationSupportsIndirectInputEvents = YES;
				INFOPLIST_KEY_UILaunchScreen_Generation = YES;
				INFOPLIST_KEY_UISupportedInterfaceOrientations_iPad = "UIInterfaceOrientationPortrait UIInterfaceOrientationPortraitUpsideDown UIInterfaceOrientationLandscapeLeft UIInterfaceOrientationLandscapeRight";
				INFOPLIST_KEY_UISupportedInterfaceOrientations_iPhone = "UIInterfaceOrientationPortrait UIInterfaceOrientationLandscapeLeft UIInterfaceOrientationLandscapeRight";
				LD_RUNPATH_SEARCH_PATHS = (
					"$(inherited)",
					"@executable_path/Frameworks",
				);
				MARKETING_VERSION = 1.0;
				PRODUCT_BUNDLE_IDENTIFIER = "Dean.Thompson.Milestone10-12";
				PRODUCT_NAME = "$(TARGET_NAME)";
				SWIFT_EMIT_LOC_STRINGS = YES;
				SWIFT_VERSION = 5.0;
				TARGETED_DEVICE_FAMILY = "1,2";
			};
			name = Debug;
		};
		2A677467279C2A4700B40F70 /* Release */ = {
			isa = XCBuildConfiguration;
			buildSettings = {
				ASSETCATALOG_COMPILER_APPICON_NAME = AppIcon;
				ASSETCATALOG_COMPILER_GLOBAL_ACCENT_COLOR_NAME = AccentColor;
				CODE_SIGN_STYLE = Automatic;
				CURRENT_PROJECT_VERSION = 1;
				DEVELOPMENT_ASSET_PATHS = "\"Milestone10-12/Preview Content\"";
				DEVELOPMENT_TEAM = YT4PWFD9G5;
				ENABLE_PREVIEWS = YES;
				GENERATE_INFOPLIST_FILE = YES;
				INFOPLIST_KEY_UIApplicationSceneManifest_Generation = YES;
				INFOPLIST_KEY_UIApplicationSupportsIndirectInputEvents = YES;
				INFOPLIST_KEY_UILaunchScreen_Generation = YES;
				INFOPLIST_KEY_UISupportedInterfaceOrientations_iPad = "UIInterfaceOrientationPortrait UIInterfaceOrientationPortraitUpsideDown UIInterfaceOrientationLandscapeLeft UIInterfaceOrientationLandscapeRight";
				INFOPLIST_KEY_UISupportedInterfaceOrientations_iPhone = "UIInterfaceOrientationPortrait UIInterfaceOrientationLandscapeLeft UIInterfaceOrientationLandscapeRight";
				LD_RUNPATH_SEARCH_PATHS = (
					"$(inherited)",
					"@executable_path/Frameworks",
				);
				MARKETING_VERSION = 1.0;
				PRODUCT_BUNDLE_IDENTIFIER = "Dean.Thompson.Milestone10-12";
				PRODUCT_NAME = "$(TARGET_NAME)";
				SWIFT_EMIT_LOC_STRINGS = YES;
				SWIFT_VERSION = 5.0;
				TARGETED_DEVICE_FAMILY = "1,2";
			};
			name = Release;
		};
/* End XCBuildConfiguration section */

/* Begin XCConfigurationList section */
		2A677452279C2A4600B40F70 /* Build configuration list for PBXProject "Milestone10-12" */ = {
			isa = XCConfigurationList;
			buildConfigurations = (
				2A677463279C2A4700B40F70 /* Debug */,
				2A677464279C2A4700B40F70 /* Release */,
			);
			defaultConfigurationIsVisible = 0;
			defaultConfigurationName = Release;
		};
		2A677465279C2A4700B40F70 /* Build configuration list for PBXNativeTarget "Milestone10-12" */ = {
			isa = XCConfigurationList;
			buildConfigurations = (
				2A677466279C2A4700B40F70 /* Debug */,
				2A677467279C2A4700B40F70 /* Release */,
			);
			defaultConfigurationIsVisible = 0;
			defaultConfigurationName = Release;
		};
/* End XCConfigurationList section */
	};
	rootObject = 2A67744F279C2A4600B40F70 /* Project object */;
}
